// !$*UTF8*$!
{
	archiveVersion = 1;
	classes = {
	};
	objectVersion = 50;
	objects = {

/* Begin PBXBuildFile section */
		9E4DF6F4264C0A6500855E08 /* BankingBillet.swift in Sources */ = {isa = PBXBuildFile; fileRef = 9E4DF6F3264C0A6500855E08 /* BankingBillet.swift */; };
		9E4DF702264C4BC300855E08 /* ClientsViewController.swift in Sources */ = {isa = PBXBuildFile; fileRef = 9E4DF701264C4BC300855E08 /* ClientsViewController.swift */; };
		9E4DF708264D477200855E08 /* Items.swift in Sources */ = {isa = PBXBuildFile; fileRef = 9E4DF707264D477200855E08 /* Items.swift */; };
		9E4DF70C264D48AF00855E08 /* ItemsViewController.swift in Sources */ = {isa = PBXBuildFile; fileRef = 9E4DF70B264D48AF00855E08 /* ItemsViewController.swift */; };
		9E4DF70F264D5D6E00855E08 /* SavedItemsViewController.swift in Sources */ = {isa = PBXBuildFile; fileRef = 9E4DF70E264D5D6E00855E08 /* SavedItemsViewController.swift */; };
		9E4DF712264D948300855E08 /* AddItemViewController.swift in Sources */ = {isa = PBXBuildFile; fileRef = 9E4DF711264D948300855E08 /* AddItemViewController.swift */; };
		9E4DF715264EA3D900855E08 /* AddFieldsViewController.swift in Sources */ = {isa = PBXBuildFile; fileRef = 9E4DF714264EA3D900855E08 /* AddFieldsViewController.swift */; };
		9E692668264AF6BD009AE3B2 /* BakingBilletViewController.swift in Sources */ = {isa = PBXBuildFile; fileRef = 9E692667264AF6BD009AE3B2 /* BakingBilletViewController.swift */; };
		9E88299B2649B8EE00683FFD /* AppDelegate.swift in Sources */ = {isa = PBXBuildFile; fileRef = 9E88299A2649B8EE00683FFD /* AppDelegate.swift */; };
		9E88299D2649B8EE00683FFD /* SceneDelegate.swift in Sources */ = {isa = PBXBuildFile; fileRef = 9E88299C2649B8EE00683FFD /* SceneDelegate.swift */; };
		9E8829A22649B8EE00683FFD /* Main.storyboard in Resources */ = {isa = PBXBuildFile; fileRef = 9E8829A02649B8EE00683FFD /* Main.storyboard */; };
		9E8829A52649B8EE00683FFD /* MobileChallenge.xcdatamodeld in Sources */ = {isa = PBXBuildFile; fileRef = 9E8829A32649B8EE00683FFD /* MobileChallenge.xcdatamodeld */; };
		9E8829A72649B8EF00683FFD /* Assets.xcassets in Resources */ = {isa = PBXBuildFile; fileRef = 9E8829A62649B8EF00683FFD /* Assets.xcassets */; };
		9E8829AA2649B8EF00683FFD /* LaunchScreen.storyboard in Resources */ = {isa = PBXBuildFile; fileRef = 9E8829A82649B8EF00683FFD /* LaunchScreen.storyboard */; };
		9EA06445265704B700BF3197 /* ValidateFieldsBankingBillet.swift in Sources */ = {isa = PBXBuildFile; fileRef = 9EA06444265704B700BF3197 /* ValidateFieldsBankingBillet.swift */; };
		9EA26482265C25EB00F22D19 /* ValidateFieldsItems.swift in Sources */ = {isa = PBXBuildFile; fileRef = 9EA26481265C25EB00F22D19 /* ValidateFieldsItems.swift */; };
		9EA26485265C41AF00F22D19 /* RequestChargeOneStep.swift in Sources */ = {isa = PBXBuildFile; fileRef = 9EA26484265C41AF00F22D19 /* RequestChargeOneStep.swift */; };
		9EA26488265D648C00F22D19 /* ValidateFieldsAddFields.swift in Sources */ = {isa = PBXBuildFile; fileRef = 9EA26487265D648C00F22D19 /* ValidateFieldsAddFields.swift */; };
		9EA2648B265D672C00F22D19 /* ValidateFieldsInputType.swift in Sources */ = {isa = PBXBuildFile; fileRef = 9EA2648A265D672C00F22D19 /* ValidateFieldsInputType.swift */; };
		9EB7489E2653F6E900C20215 /* IssueBankingBilletViewController.swift in Sources */ = {isa = PBXBuildFile; fileRef = 9EB7489D2653F6E900C20215 /* IssueBankingBilletViewController.swift */; };
		9EB748A126542C4100C20215 /* Authentication.swift in Sources */ = {isa = PBXBuildFile; fileRef = 9EB748A026542C4100C20215 /* Authentication.swift */; };
		9EB748A4265538CF00C20215 /* CreateChargeOneStep.swift in Sources */ = {isa = PBXBuildFile; fileRef = 9EB748A3265538CF00C20215 /* CreateChargeOneStep.swift */; };
		9EB748A72655573F00C20215 /* Payment.swift in Sources */ = {isa = PBXBuildFile; fileRef = 9EB748A62655573F00C20215 /* Payment.swift */; };
		9EB748AA26557A0C00C20215 /* JuridicalPerson.swift in Sources */ = {isa = PBXBuildFile; fileRef = 9EB748A926557A0C00C20215 /* JuridicalPerson.swift */; };
		9EB748AD26557ADB00C20215 /* Address.swift in Sources */ = {isa = PBXBuildFile; fileRef = 9EB748AC26557ADB00C20215 /* Address.swift */; };
		9EB748B026557C9400C20215 /* Customer.swift in Sources */ = {isa = PBXBuildFile; fileRef = 9EB748AF26557C9400C20215 /* Customer.swift */; };
		9EB748B326557D5100C20215 /* Shippings.swift in Sources */ = {isa = PBXBuildFile; fileRef = 9EB748B226557D5100C20215 /* Shippings.swift */; };
		9EB748B62655866100C20215 /* Discount.swift in Sources */ = {isa = PBXBuildFile; fileRef = 9EB748B52655866100C20215 /* Discount.swift */; };
		9EB748BD2655B87E00C20215 /* ConditionalDiscount.swift in Sources */ = {isa = PBXBuildFile; fileRef = 9EB748BC2655B87E00C20215 /* ConditionalDiscount.swift */; };
		9ED90BB42652D3E2005DC194 /* ItemTableViewCell.swift in Sources */ = {isa = PBXBuildFile; fileRef = 9ED90BB32652D3E2005DC194 /* ItemTableViewCell.swift */; };
		9EFAA5F0264EE18900E23E36 /* BaseViewController.swift in Sources */ = {isa = PBXBuildFile; fileRef = 9EFAA5EF264EE18900E23E36 /* BaseViewController.swift */; };
/* End PBXBuildFile section */

/* Begin PBXFileReference section */
		9E4DF6F3264C0A6500855E08 /* BankingBillet.swift */ = {isa = PBXFileReference; lastKnownFileType = sourcecode.swift; path = BankingBillet.swift; sourceTree = "<group>"; };
		9E4DF701264C4BC300855E08 /* ClientsViewController.swift */ = {isa = PBXFileReference; lastKnownFileType = sourcecode.swift; path = ClientsViewController.swift; sourceTree = "<group>"; };
		9E4DF707264D477200855E08 /* Items.swift */ = {isa = PBXFileReference; lastKnownFileType = sourcecode.swift; path = Items.swift; sourceTree = "<group>"; };
		9E4DF70B264D48AF00855E08 /* ItemsViewController.swift */ = {isa = PBXFileReference; lastKnownFileType = sourcecode.swift; path = ItemsViewController.swift; sourceTree = "<group>"; };
		9E4DF70E264D5D6E00855E08 /* SavedItemsViewController.swift */ = {isa = PBXFileReference; lastKnownFileType = sourcecode.swift; path = SavedItemsViewController.swift; sourceTree = "<group>"; };
		9E4DF711264D948300855E08 /* AddItemViewController.swift */ = {isa = PBXFileReference; lastKnownFileType = sourcecode.swift; path = AddItemViewController.swift; sourceTree = "<group>"; };
		9E4DF714264EA3D900855E08 /* AddFieldsViewController.swift */ = {isa = PBXFileReference; lastKnownFileType = sourcecode.swift; path = AddFieldsViewController.swift; sourceTree = "<group>"; };
		9E692667264AF6BD009AE3B2 /* BakingBilletViewController.swift */ = {isa = PBXFileReference; lastKnownFileType = sourcecode.swift; path = BakingBilletViewController.swift; sourceTree = "<group>"; };
		9E8829972649B8EE00683FFD /* MobileChallenge.app */ = {isa = PBXFileReference; explicitFileType = wrapper.application; includeInIndex = 0; path = MobileChallenge.app; sourceTree = BUILT_PRODUCTS_DIR; };
		9E88299A2649B8EE00683FFD /* AppDelegate.swift */ = {isa = PBXFileReference; lastKnownFileType = sourcecode.swift; path = AppDelegate.swift; sourceTree = "<group>"; };
		9E88299C2649B8EE00683FFD /* SceneDelegate.swift */ = {isa = PBXFileReference; lastKnownFileType = sourcecode.swift; path = SceneDelegate.swift; sourceTree = "<group>"; };
		9E8829A12649B8EE00683FFD /* Base */ = {isa = PBXFileReference; lastKnownFileType = file.storyboard; name = Base; path = Base.lproj/Main.storyboard; sourceTree = "<group>"; };
		9E8829A42649B8EE00683FFD /* MobileChallenge.xcdatamodel */ = {isa = PBXFileReference; lastKnownFileType = wrapper.xcdatamodel; path = MobileChallenge.xcdatamodel; sourceTree = "<group>"; };
		9E8829A62649B8EF00683FFD /* Assets.xcassets */ = {isa = PBXFileReference; lastKnownFileType = folder.assetcatalog; path = Assets.xcassets; sourceTree = "<group>"; };
		9E8829A92649B8EF00683FFD /* Base */ = {isa = PBXFileReference; lastKnownFileType = file.storyboard; name = Base; path = Base.lproj/LaunchScreen.storyboard; sourceTree = "<group>"; };
		9E8829AB2649B8EF00683FFD /* Info.plist */ = {isa = PBXFileReference; lastKnownFileType = text.plist.xml; path = Info.plist; sourceTree = "<group>"; };
		9EA06444265704B700BF3197 /* ValidateFieldsBankingBillet.swift */ = {isa = PBXFileReference; lastKnownFileType = sourcecode.swift; path = ValidateFieldsBankingBillet.swift; sourceTree = "<group>"; };
		9EA26481265C25EB00F22D19 /* ValidateFieldsItems.swift */ = {isa = PBXFileReference; lastKnownFileType = sourcecode.swift; path = ValidateFieldsItems.swift; sourceTree = "<group>"; };
		9EA26484265C41AF00F22D19 /* RequestChargeOneStep.swift */ = {isa = PBXFileReference; lastKnownFileType = sourcecode.swift; path = RequestChargeOneStep.swift; sourceTree = "<group>"; };
		9EA26487265D648C00F22D19 /* ValidateFieldsAddFields.swift */ = {isa = PBXFileReference; lastKnownFileType = sourcecode.swift; path = ValidateFieldsAddFields.swift; sourceTree = "<group>"; };
		9EA2648A265D672C00F22D19 /* ValidateFieldsInputType.swift */ = {isa = PBXFileReference; lastKnownFileType = sourcecode.swift; path = ValidateFieldsInputType.swift; sourceTree = "<group>"; };
		9EB7489D2653F6E900C20215 /* IssueBankingBilletViewController.swift */ = {isa = PBXFileReference; lastKnownFileType = sourcecode.swift; path = IssueBankingBilletViewController.swift; sourceTree = "<group>"; };
		9EB748A026542C4100C20215 /* Authentication.swift */ = {isa = PBXFileReference; lastKnownFileType = sourcecode.swift; path = Authentication.swift; sourceTree = "<group>"; };
		9EB748A3265538CF00C20215 /* CreateChargeOneStep.swift */ = {isa = PBXFileReference; lastKnownFileType = sourcecode.swift; path = CreateChargeOneStep.swift; sourceTree = "<group>"; };
		9EB748A62655573F00C20215 /* Payment.swift */ = {isa = PBXFileReference; lastKnownFileType = sourcecode.swift; path = Payment.swift; sourceTree = "<group>"; };
		9EB748A926557A0C00C20215 /* JuridicalPerson.swift */ = {isa = PBXFileReference; lastKnownFileType = sourcecode.swift; path = JuridicalPerson.swift; sourceTree = "<group>"; };
		9EB748AC26557ADB00C20215 /* Address.swift */ = {isa = PBXFileReference; lastKnownFileType = sourcecode.swift; path = Address.swift; sourceTree = "<group>"; };
		9EB748AF26557C9400C20215 /* Customer.swift */ = {isa = PBXFileReference; lastKnownFileType = sourcecode.swift; path = Customer.swift; sourceTree = "<group>"; };
		9EB748B226557D5100C20215 /* Shippings.swift */ = {isa = PBXFileReference; lastKnownFileType = sourcecode.swift; path = Shippings.swift; sourceTree = "<group>"; };
		9EB748B52655866100C20215 /* Discount.swift */ = {isa = PBXFileReference; lastKnownFileType = sourcecode.swift; path = Discount.swift; sourceTree = "<group>"; };
		9EB748BC2655B87E00C20215 /* ConditionalDiscount.swift */ = {isa = PBXFileReference; lastKnownFileType = sourcecode.swift; path = ConditionalDiscount.swift; sourceTree = "<group>"; };
		9ED90BB32652D3E2005DC194 /* ItemTableViewCell.swift */ = {isa = PBXFileReference; lastKnownFileType = sourcecode.swift; path = ItemTableViewCell.swift; sourceTree = "<group>"; };
		9EFAA5EF264EE18900E23E36 /* BaseViewController.swift */ = {isa = PBXFileReference; lastKnownFileType = sourcecode.swift; path = BaseViewController.swift; sourceTree = "<group>"; };
/* End PBXFileReference section */

/* Begin PBXFrameworksBuildPhase section */
		9E8829942649B8EE00683FFD /* Frameworks */ = {
			isa = PBXFrameworksBuildPhase;
			buildActionMask = 2147483647;
			files = (
			);
			runOnlyForDeploymentPostprocessing = 0;
		};
/* End PBXFrameworksBuildPhase section */

/* Begin PBXGroup section */
		9E4DF6F6264C12A100855E08 /* Models */ = {
			isa = PBXGroup;
			children = (
				9E4DF6F3264C0A6500855E08 /* BankingBillet.swift */,
				9E4DF707264D477200855E08 /* Items.swift */,
				9EB748A026542C4100C20215 /* Authentication.swift */,
				9EB748A3265538CF00C20215 /* CreateChargeOneStep.swift */,
				9EB748A62655573F00C20215 /* Payment.swift */,
				9EB748A926557A0C00C20215 /* JuridicalPerson.swift */,
				9EB748AC26557ADB00C20215 /* Address.swift */,
				9EB748AF26557C9400C20215 /* Customer.swift */,
				9EB748B226557D5100C20215 /* Shippings.swift */,
				9EB748B52655866100C20215 /* Discount.swift */,
				9EB748BC2655B87E00C20215 /* ConditionalDiscount.swift */,
				9EA06444265704B700BF3197 /* ValidateFieldsBankingBillet.swift */,
				9EA26481265C25EB00F22D19 /* ValidateFieldsItems.swift */,
				9EA26484265C41AF00F22D19 /* RequestChargeOneStep.swift */,
				9EA26487265D648C00F22D19 /* ValidateFieldsAddFields.swift */,
				9EA2648A265D672C00F22D19 /* ValidateFieldsInputType.swift */,
			);
			path = Models;
			sourceTree = "<group>";
		};
		9E69266A264AF722009AE3B2 /* Controllers */ = {
			isa = PBXGroup;
			children = (
				9E692667264AF6BD009AE3B2 /* BakingBilletViewController.swift */,
				9E4DF701264C4BC300855E08 /* ClientsViewController.swift */,
				9E4DF70B264D48AF00855E08 /* ItemsViewController.swift */,
				9E4DF70E264D5D6E00855E08 /* SavedItemsViewController.swift */,
				9E4DF711264D948300855E08 /* AddItemViewController.swift */,
				9E4DF714264EA3D900855E08 /* AddFieldsViewController.swift */,
				9EFAA5EF264EE18900E23E36 /* BaseViewController.swift */,
				9ED90BB32652D3E2005DC194 /* ItemTableViewCell.swift */,
				9EB7489D2653F6E900C20215 /* IssueBankingBilletViewController.swift */,
			);
			path = Controllers;
			sourceTree = "<group>";
		};
		9E69266C264AF735009AE3B2 /* Views */ = {
			isa = PBXGroup;
			children = (
				9E8829A02649B8EE00683FFD /* Main.storyboard */,
				9E8829A82649B8EF00683FFD /* LaunchScreen.storyboard */,
			);
			path = Views;
			sourceTree = "<group>";
		};
		9E88298E2649B8EE00683FFD = {
			isa = PBXGroup;
			children = (
				9E8829992649B8EE00683FFD /* MobileChallenge */,
				9E8829982649B8EE00683FFD /* Products */,
			);
			sourceTree = "<group>";
		};
		9E8829982649B8EE00683FFD /* Products */ = {
			isa = PBXGroup;
			children = (
				9E8829972649B8EE00683FFD /* MobileChallenge.app */,
			);
			name = Products;
			sourceTree = "<group>";
		};
		9E8829992649B8EE00683FFD /* MobileChallenge */ = {
			isa = PBXGroup;
			children = (
				9E4DF6F6264C12A100855E08 /* Models */,
				9E69266C264AF735009AE3B2 /* Views */,
				9E69266A264AF722009AE3B2 /* Controllers */,
				9E8829A62649B8EF00683FFD /* Assets.xcassets */,
				9E88299A2649B8EE00683FFD /* AppDelegate.swift */,
				9E88299C2649B8EE00683FFD /* SceneDelegate.swift */,
				9E8829AB2649B8EF00683FFD /* Info.plist */,
				9E8829A32649B8EE00683FFD /* MobileChallenge.xcdatamodeld */,
			);
			path = MobileChallenge;
			sourceTree = "<group>";
		};
/* End PBXGroup section */

/* Begin PBXNativeTarget section */
		9E8829962649B8EE00683FFD /* MobileChallenge */ = {
			isa = PBXNativeTarget;
			buildConfigurationList = 9E8829AE2649B8EF00683FFD /* Build configuration list for PBXNativeTarget "MobileChallenge" */;
			buildPhases = (
				9E8829932649B8EE00683FFD /* Sources */,
				9E8829942649B8EE00683FFD /* Frameworks */,
				9E8829952649B8EE00683FFD /* Resources */,
			);
			buildRules = (
			);
			dependencies = (
			);
			name = MobileChallenge;
			productName = MobileChallenge;
			productReference = 9E8829972649B8EE00683FFD /* MobileChallenge.app */;
			productType = "com.apple.product-type.application";
		};
/* End PBXNativeTarget section */

/* Begin PBXProject section */
		9E88298F2649B8EE00683FFD /* Project object */ = {
			isa = PBXProject;
			attributes = {
				LastSwiftUpdateCheck = 1240;
				LastUpgradeCheck = 1240;
				TargetAttributes = {
					9E8829962649B8EE00683FFD = {
						CreatedOnToolsVersion = 12.4;
					};
				};
			};
			buildConfigurationList = 9E8829922649B8EE00683FFD /* Build configuration list for PBXProject "MobileChallenge" */;
			compatibilityVersion = "Xcode 9.3";
			developmentRegion = en;
			hasScannedForEncodings = 0;
			knownRegions = (
				en,
				Base,
			);
			mainGroup = 9E88298E2649B8EE00683FFD;
			productRefGroup = 9E8829982649B8EE00683FFD /* Products */;
			projectDirPath = "";
			projectRoot = "";
			targets = (
				9E8829962649B8EE00683FFD /* MobileChallenge */,
			);
		};
/* End PBXProject section */

/* Begin PBXResourcesBuildPhase section */
		9E8829952649B8EE00683FFD /* Resources */ = {
			isa = PBXResourcesBuildPhase;
			buildActionMask = 2147483647;
			files = (
				9E8829AA2649B8EF00683FFD /* LaunchScreen.storyboard in Resources */,
				9E8829A72649B8EF00683FFD /* Assets.xcassets in Resources */,
				9E8829A22649B8EE00683FFD /* Main.storyboard in Resources */,
			);
			runOnlyForDeploymentPostprocessing = 0;
		};
/* End PBXResourcesBuildPhase section */

/* Begin PBXSourcesBuildPhase section */
		9E8829932649B8EE00683FFD /* Sources */ = {
			isa = PBXSourcesBuildPhase;
			buildActionMask = 2147483647;
			files = (
				9E4DF708264D477200855E08 /* Items.swift in Sources */,
				9EA26488265D648C00F22D19 /* ValidateFieldsAddFields.swift in Sources */,
				9E4DF715264EA3D900855E08 /* AddFieldsViewController.swift in Sources */,
				9EB7489E2653F6E900C20215 /* IssueBankingBilletViewController.swift in Sources */,
				9EB748B62655866100C20215 /* Discount.swift in Sources */,
				9E692668264AF6BD009AE3B2 /* BakingBilletViewController.swift in Sources */,
				9EB748A4265538CF00C20215 /* CreateChargeOneStep.swift in Sources */,
				9E88299B2649B8EE00683FFD /* AppDelegate.swift in Sources */,
				9E88299D2649B8EE00683FFD /* SceneDelegate.swift in Sources */,
				9EB748BD2655B87E00C20215 /* ConditionalDiscount.swift in Sources */,
				9EA06445265704B700BF3197 /* ValidateFieldsBankingBillet.swift in Sources */,
				9EFAA5F0264EE18900E23E36 /* BaseViewController.swift in Sources */,
				9EB748B326557D5100C20215 /* Shippings.swift in Sources */,
				9EB748AA26557A0C00C20215 /* JuridicalPerson.swift in Sources */,
				9ED90BB42652D3E2005DC194 /* ItemTableViewCell.swift in Sources */,
				9E4DF702264C4BC300855E08 /* ClientsViewController.swift in Sources */,
				9E4DF712264D948300855E08 /* AddItemViewController.swift in Sources */,
				9E4DF70F264D5D6E00855E08 /* SavedItemsViewController.swift in Sources */,
				9EB748AD26557ADB00C20215 /* Address.swift in Sources */,
				9EA26482265C25EB00F22D19 /* ValidateFieldsItems.swift in Sources */,
				9EB748B026557C9400C20215 /* Customer.swift in Sources */,
				9EA26485265C41AF00F22D19 /* RequestChargeOneStep.swift in Sources */,
				9E4DF70C264D48AF00855E08 /* ItemsViewController.swift in Sources */,
				9EA2648B265D672C00F22D19 /* ValidateFieldsInputType.swift in Sources */,
				9E4DF6F4264C0A6500855E08 /* BankingBillet.swift in Sources */,
				9E8829A52649B8EE00683FFD /* MobileChallenge.xcdatamodeld in Sources */,
				9EB748A72655573F00C20215 /* Payment.swift in Sources */,
				9EB748A126542C4100C20215 /* Authentication.swift in Sources */,
			);
			runOnlyForDeploymentPostprocessing = 0;
		};
/* End PBXSourcesBuildPhase section */

/* Begin PBXVariantGroup section */
		9E8829A02649B8EE00683FFD /* Main.storyboard */ = {
			isa = PBXVariantGroup;
			children = (
				9E8829A12649B8EE00683FFD /* Base */,
			);
			name = Main.storyboard;
			sourceTree = "<group>";
		};
		9E8829A82649B8EF00683FFD /* LaunchScreen.storyboard */ = {
			isa = PBXVariantGroup;
			children = (
				9E8829A92649B8EF00683FFD /* Base */,
			);
			name = LaunchScreen.storyboard;
			sourceTree = "<group>";
		};
/* End PBXVariantGroup section */

/* Begin XCBuildConfiguration section */
		9E8829AC2649B8EF00683FFD /* Debug */ = {
			isa = XCBuildConfiguration;
			buildSettings = {
				ALWAYS_SEARCH_USER_PATHS = NO;
				CLANG_ANALYZER_NONNULL = YES;
				CLANG_ANALYZER_NUMBER_OBJECT_CONVERSION = YES_AGGRESSIVE;
				CLANG_CXX_LANGUAGE_STANDARD = "gnu++14";
				CLANG_CXX_LIBRARY = "libc++";
				CLANG_ENABLE_MODULES = YES;
				CLANG_ENABLE_OBJC_ARC = YES;
				CLANG_ENABLE_OBJC_WEAK = YES;
				CLANG_WARN_BLOCK_CAPTURE_AUTORELEASING = YES;
				CLANG_WARN_BOOL_CONVERSION = YES;
				CLANG_WARN_COMMA = YES;
				CLANG_WARN_CONSTANT_CONVERSION = YES;
				CLANG_WARN_DEPRECATED_OBJC_IMPLEMENTATIONS = YES;
				CLANG_WARN_DIRECT_OBJC_ISA_USAGE = YES_ERROR;
				CLANG_WARN_DOCUMENTATION_COMMENTS = YES;
				CLANG_WARN_EMPTY_BODY = YES;
				CLANG_WARN_ENUM_CONVERSION = YES;
				CLANG_WARN_INFINITE_RECURSION = YES;
				CLANG_WARN_INT_CONVERSION = YES;
				CLANG_WARN_NON_LITERAL_NULL_CONVERSION = YES;
				CLANG_WARN_OBJC_IMPLICIT_RETAIN_SELF = YES;
				CLANG_WARN_OBJC_LITERAL_CONVERSION = YES;
				CLANG_WARN_OBJC_ROOT_CLASS = YES_ERROR;
				CLANG_WARN_QUOTED_INCLUDE_IN_FRAMEWORK_HEADER = YES;
				CLANG_WARN_RANGE_LOOP_ANALYSIS = YES;
				CLANG_WARN_STRICT_PROTOTYPES = YES;
				CLANG_WARN_SUSPICIOUS_MOVE = YES;
				CLANG_WARN_UNGUARDED_AVAILABILITY = YES_AGGRESSIVE;
				CLANG_WARN_UNREACHABLE_CODE = YES;
				CLANG_WARN__DUPLICATE_METHOD_MATCH = YES;
				COPY_PHASE_STRIP = NO;
				DEBUG_INFORMATION_FORMAT = dwarf;
				ENABLE_STRICT_OBJC_MSGSEND = YES;
				ENABLE_TESTABILITY = YES;
				GCC_C_LANGUAGE_STANDARD = gnu11;
				GCC_DYNAMIC_NO_PIC = NO;
				GCC_NO_COMMON_BLOCKS = YES;
				GCC_OPTIMIZATION_LEVEL = 0;
				GCC_PREPROCESSOR_DEFINITIONS = (
					"DEBUG=1",
					"$(inherited)",
				);
				GCC_WARN_64_TO_32_BIT_CONVERSION = YES;
				GCC_WARN_ABOUT_RETURN_TYPE = YES_ERROR;
				GCC_WARN_UNDECLARED_SELECTOR = YES;
				GCC_WARN_UNINITIALIZED_AUTOS = YES_AGGRESSIVE;
				GCC_WARN_UNUSED_FUNCTION = YES;
				GCC_WARN_UNUSED_VARIABLE = YES;
				IPHONEOS_DEPLOYMENT_TARGET = 14.4;
				MTL_ENABLE_DEBUG_INFO = INCLUDE_SOURCE;
				MTL_FAST_MATH = YES;
				ONLY_ACTIVE_ARCH = YES;
				SDKROOT = iphoneos;
				SWIFT_ACTIVE_COMPILATION_CONDITIONS = DEBUG;
				SWIFT_OPTIMIZATION_LEVEL = "-Onone";
			};
			name = Debug;
		};
		9E8829AD2649B8EF00683FFD /* Release */ = {
			isa = XCBuildConfiguration;
			buildSettings = {
				ALWAYS_SEARCH_USER_PATHS = NO;
				CLANG_ANALYZER_NONNULL = YES;
				CLANG_ANALYZER_NUMBER_OBJECT_CONVERSION = YES_AGGRESSIVE;
				CLANG_CXX_LANGUAGE_STANDARD = "gnu++14";
				CLANG_CXX_LIBRARY = "libc++";
				CLANG_ENABLE_MODULES = YES;
				CLANG_ENABLE_OBJC_ARC = YES;
				CLANG_ENABLE_OBJC_WEAK = YES;
				CLANG_WARN_BLOCK_CAPTURE_AUTORELEASING = YES;
				CLANG_WARN_BOOL_CONVERSION = YES;
				CLANG_WARN_COMMA = YES;
				CLANG_WARN_CONSTANT_CONVERSION = YES;
				CLANG_WARN_DEPRECATED_OBJC_IMPLEMENTATIONS = YES;
				CLANG_WARN_DIRECT_OBJC_ISA_USAGE = YES_ERROR;
				CLANG_WARN_DOCUMENTATION_COMMENTS = YES;
				CLANG_WARN_EMPTY_BODY = YES;
				CLANG_WARN_ENUM_CONVERSION = YES;
				CLANG_WARN_INFINITE_RECURSION = YES;
				CLANG_WARN_INT_CONVERSION = YES;
				CLANG_WARN_NON_LITERAL_NULL_CONVERSION = YES;
				CLANG_WARN_OBJC_IMPLICIT_RETAIN_SELF = YES;
				CLANG_WARN_OBJC_LITERAL_CONVERSION = YES;
				CLANG_WARN_OBJC_ROOT_CLASS = YES_ERROR;
				CLANG_WARN_QUOTED_INCLUDE_IN_FRAMEWORK_HEADER = YES;
				CLANG_WARN_RANGE_LOOP_ANALYSIS = YES;
				CLANG_WARN_STRICT_PROTOTYPES = YES;
				CLANG_WARN_SUSPICIOUS_MOVE = YES;
				CLANG_WARN_UNGUARDED_AVAILABILITY = YES_AGGRESSIVE;
				CLANG_WARN_UNREACHABLE_CODE = YES;
				CLANG_WARN__DUPLICATE_METHOD_MATCH = YES;
				COPY_PHASE_STRIP = NO;
				DEBUG_INFORMATION_FORMAT = "dwarf-with-dsym";
				ENABLE_NS_ASSERTIONS = NO;
				ENABLE_STRICT_OBJC_MSGSEND = YES;
				GCC_C_LANGUAGE_STANDARD = gnu11;
				GCC_NO_COMMON_BLOCKS = YES;
				GCC_WARN_64_TO_32_BIT_CONVERSION = YES;
				GCC_WARN_ABOUT_RETURN_TYPE = YES_ERROR;
				GCC_WARN_UNDECLARED_SELECTOR = YES;
				GCC_WARN_UNINITIALIZED_AUTOS = YES_AGGRESSIVE;
				GCC_WARN_UNUSED_FUNCTION = YES;
				GCC_WARN_UNUSED_VARIABLE = YES;
				IPHONEOS_DEPLOYMENT_TARGET = 14.4;
				MTL_ENABLE_DEBUG_INFO = NO;
				MTL_FAST_MATH = YES;
				SDKROOT = iphoneos;
				SWIFT_COMPILATION_MODE = wholemodule;
				SWIFT_OPTIMIZATION_LEVEL = "-O";
				VALIDATE_PRODUCT = YES;
			};
			name = Release;
		};
		9E8829AF2649B8EF00683FFD /* Debug */ = {
			isa = XCBuildConfiguration;
			buildSettings = {
				ASSETCATALOG_COMPILER_APPICON_NAME = AppIcon;
				ASSETCATALOG_COMPILER_GLOBAL_ACCENT_COLOR_NAME = AccentColor;
				CODE_SIGN_STYLE = Automatic;
				DEVELOPMENT_TEAM = TLLD75C7FS;
				INFOPLIST_FILE = MobileChallenge/Info.plist;
				LD_RUNPATH_SEARCH_PATHS = (
					"$(inherited)",
					"@executable_path/Frameworks",
				);
				PRODUCT_BUNDLE_IDENTIFIER = com.gerencianet.MobileChallenge;
				PRODUCT_NAME = "$(TARGET_NAME)";
				SWIFT_VERSION = 5.0;
				TARGETED_DEVICE_FAMILY = "1,2";
			};
			name = Debug;
		};
		9E8829B02649B8EF00683FFD /* Release */ = {
			isa = XCBuildConfiguration;
			buildSettings = {
				ASSETCATALOG_COMPILER_APPICON_NAME = AppIcon;
				ASSETCATALOG_COMPILER_GLOBAL_ACCENT_COLOR_NAME = AccentColor;
				CODE_SIGN_STYLE = Automatic;
				DEVELOPMENT_TEAM = TLLD75C7FS;
				INFOPLIST_FILE = MobileChallenge/Info.plist;
				LD_RUNPATH_SEARCH_PATHS = (
					"$(inherited)",
					"@executable_path/Frameworks",
				);
				PRODUCT_BUNDLE_IDENTIFIER = com.gerencianet.MobileChallenge;
				PRODUCT_NAME = "$(TARGET_NAME)";
				SWIFT_VERSION = 5.0;
				TARGETED_DEVICE_FAMILY = "1,2";
			};
			name = Release;
		};
/* End XCBuildConfiguration section */

/* Begin XCConfigurationList section */
		9E8829922649B8EE00683FFD /* Build configuration list for PBXProject "MobileChallenge" */ = {
			isa = XCConfigurationList;
			buildConfigurations = (
				9E8829AC2649B8EF00683FFD /* Debug */,
				9E8829AD2649B8EF00683FFD /* Release */,
			);
			defaultConfigurationIsVisible = 0;
			defaultConfigurationName = Release;
		};
		9E8829AE2649B8EF00683FFD /* Build configuration list for PBXNativeTarget "MobileChallenge" */ = {
			isa = XCConfigurationList;
			buildConfigurations = (
				9E8829AF2649B8EF00683FFD /* Debug */,
				9E8829B02649B8EF00683FFD /* Release */,
			);
			defaultConfigurationIsVisible = 0;
			defaultConfigurationName = Release;
		};
/* End XCConfigurationList section */

/* Begin XCVersionGroup section */
		9E8829A32649B8EE00683FFD /* MobileChallenge.xcdatamodeld */ = {
			isa = XCVersionGroup;
			children = (
				9E8829A42649B8EE00683FFD /* MobileChallenge.xcdatamodel */,
			);
			currentVersion = 9E8829A42649B8EE00683FFD /* MobileChallenge.xcdatamodel */;
			path = MobileChallenge.xcdatamodeld;
			sourceTree = "<group>";
			versionGroupType = wrapper.xcdatamodel;
		};
/* End XCVersionGroup section */
	};
	rootObject = 9E88298F2649B8EE00683FFD /* Project object */;
}
